// !$*UTF8*$!
{
	archiveVersion = 1;
	classes = {
	};
	objectVersion = 46;
	objects = {

/* Begin PBXBuildFile section */
		D28F1A601DB335DE00500DFD /* AppDelegate.swift in Sources */ = {isa = PBXBuildFile; fileRef = D28F1A5F1DB335DE00500DFD /* AppDelegate.swift */; };
		D28F1A621DB335DE00500DFD /* ViewController.swift in Sources */ = {isa = PBXBuildFile; fileRef = D28F1A611DB335DE00500DFD /* ViewController.swift */; };
		D28F1A641DB335DE00500DFD /* Assets.xcassets in Resources */ = {isa = PBXBuildFile; fileRef = D28F1A631DB335DE00500DFD /* Assets.xcassets */; };
		D28F1A671DB335DE00500DFD /* Main.storyboard in Resources */ = {isa = PBXBuildFile; fileRef = D28F1A651DB335DE00500DFD /* Main.storyboard */; };
/* End PBXBuildFile section */

/* Begin PBXFileReference section */
		D28F1A5C1DB335DE00500DFD /* Map Editor.app */ = {isa = PBXFileReference; explicitFileType = wrapper.application; includeInIndex = 0; path = "Map Editor.app"; sourceTree = BUILT_PRODUCTS_DIR; };
		D28F1A5F1DB335DE00500DFD /* AppDelegate.swift */ = {isa = PBXFileReference; lastKnownFileType = sourcecode.swift; path = AppDelegate.swift; sourceTree = "<group>"; };
		D28F1A611DB335DE00500DFD /* ViewController.swift */ = {isa = PBXFileReference; lastKnownFileType = sourcecode.swift; path = ViewController.swift; sourceTree = "<group>"; };
		D28F1A631DB335DE00500DFD /* Assets.xcassets */ = {isa = PBXFileReference; lastKnownFileType = folder.assetcatalog; path = Assets.xcassets; sourceTree = "<group>"; };
		D28F1A661DB335DE00500DFD /* Base */ = {isa = PBXFileReference; lastKnownFileType = file.storyboard; name = Base; path = Base.lproj/Main.storyboard; sourceTree = "<group>"; };
		D28F1A681DB335DE00500DFD /* Info.plist */ = {isa = PBXFileReference; lastKnownFileType = text.plist.xml; path = Info.plist; sourceTree = "<group>"; };
/* End PBXFileReference section */

/* Begin PBXFrameworksBuildPhase section */
		D28F1A591DB335DE00500DFD /* Frameworks */ = {
			isa = PBXFrameworksBuildPhase;
			buildActionMask = 2147483647;
			files = (
			);
			runOnlyForDeploymentPostprocessing = 0;
		};
/* End PBXFrameworksBuildPhase section */

/* Begin PBXGroup section */
		D28F1A531DB335DD00500DFD = {
			isa = PBXGroup;
			children = (
				D28F1A5E1DB335DE00500DFD /* Map Editor */,
				D28F1A5D1DB335DE00500DFD /* Products */,
			);
			sourceTree = "<group>";
		};
		D28F1A5D1DB335DE00500DFD /* Products */ = {
			isa = PBXGroup;
			children = (
				D28F1A5C1DB335DE00500DFD /* Map Editor.app */,
			);
			name = Products;
			sourceTree = "<group>";
		};
		D28F1A5E1DB335DE00500DFD /* Map Editor */ = {
			isa = PBXGroup;
			children = (
				D28F1A5F1DB335DE00500DFD /* AppDelegate.swift */,
				D28F1A611DB335DE00500DFD /* ViewController.swift */,
				D28F1A631DB335DE00500DFD /* Assets.xcassets */,
				D28F1A651DB335DE00500DFD /* Main.storyboard */,
				D28F1A681DB335DE00500DFD /* Info.plist */,
			);
			path = "Map Editor";
			sourceTree = "<group>";
		};
/* End PBXGroup section */

/* Begin PBXNativeTarget section */
		D28F1A5B1DB335DE00500DFD /* Map Editor */ = {
			isa = PBXNativeTarget;
			buildConfigurationList = D28F1A6B1DB335DE00500DFD /* Build configuration list for PBXNativeTarget "Map Editor" */;
			buildPhases = (
				D28F1A581DB335DE00500DFD /* Sources */,
				D28F1A591DB335DE00500DFD /* Frameworks */,
				D28F1A5A1DB335DE00500DFD /* Resources */,
			);
			buildRules = (
			);
			dependencies = (
			);
			name = "Map Editor";
			productName = "Map Editor";
			productReference = D28F1A5C1DB335DE00500DFD /* Map Editor.app */;
			productType = "com.apple.product-type.application";
		};
/* End PBXNativeTarget section */

/* Begin PBXProject section */
		D28F1A541DB335DD00500DFD /* Project object */ = {
			isa = PBXProject;
			attributes = {
				LastSwiftUpdateCheck = 0810;
				LastUpgradeCheck = 0810;
				ORGANIZATIONNAME = Khoa;
				TargetAttributes = {
					D28F1A5B1DB335DE00500DFD = {
						CreatedOnToolsVersion = 8.1;
						DevelopmentTeam = WG937QNZTU;
						ProvisioningStyle = Automatic;
					};
				};
			};
			buildConfigurationList = D28F1A571DB335DD00500DFD /* Build configuration list for PBXProject "Map Editor" */;
			compatibilityVersion = "Xcode 3.2";
			developmentRegion = English;
			hasScannedForEncodings = 0;
			knownRegions = (
				en,
				Base,
			);
			mainGroup = D28F1A531DB335DD00500DFD;
			productRefGroup = D28F1A5D1DB335DE00500DFD /* Products */;
			projectDirPath = "";
			projectRoot = "";
			targets = (
				D28F1A5B1DB335DE00500DFD /* Map Editor */,
			);
		};
/* End PBXProject section */

/* Begin PBXResourcesBuildPhase section */
		D28F1A5A1DB335DE00500DFD /* Resources */ = {
			isa = PBXResourcesBuildPhase;
			buildActionMask = 2147483647;
			files = (
				D28F1A641DB335DE00500DFD /* Assets.xcassets in Resources */,
				D28F1A671DB335DE00500DFD /* Main.storyboard in Resources */,
			);
			runOnlyForDeploymentPostprocessing = 0;
		};
/* End PBXResourcesBuildPhase section */

/* Begin PBXSourcesBuildPhase section */
		D28F1A581DB335DE00500DFD /* Sources */ = {
			isa = PBXSourcesBuildPhase;
			buildActionMask = 2147483647;
			files = (
				D28F1A621DB335DE00500DFD /* ViewController.swift in Sources */,
				D28F1A601DB335DE00500DFD /* AppDelegate.swift in Sources */,
			);
			runOnlyForDeploymentPostprocessing = 0;
		};
/* End PBXSourcesBuildPhase section */

/* Begin PBXVariantGroup section */
		D28F1A651DB335DE00500DFD /* Main.storyboard */ = {
			isa = PBXVariantGroup;
			children = (
				D28F1A661DB335DE00500DFD /* Base */,
			);
			name = Main.storyboard;
			sourceTree = "<group>";
		};
/* End PBXVariantGroup section */

/* Begin XCBuildConfiguration section */
		D28F1A691DB335DE00500DFD /* Debug */ = {
			isa = XCBuildConfiguration;
			buildSettings = {
				ALWAYS_SEARCH_USER_PATHS = NO;
				CLANG_ANALYZER_NONNULL = YES;
				CLANG_CXX_LANGUAGE_STANDARD = "gnu++0x";
				CLANG_CXX_LIBRARY = "libc++";
				CLANG_ENABLE_MODULES = YES;
				CLANG_ENABLE_OBJC_ARC = YES;
				CLANG_WARN_BOOL_CONVERSION = YES;
				CLANG_WARN_CONSTANT_CONVERSION = YES;
				CLANG_WARN_DIRECT_OBJC_ISA_USAGE = YES_ERROR;
				CLANG_WARN_DOCUMENTATION_COMMENTS = YES;
				CLANG_WARN_EMPTY_BODY = YES;
				CLANG_WARN_ENUM_CONVERSION = YES;
				CLANG_WARN_INFINITE_RECURSION = YES;
				CLANG_WARN_INT_CONVERSION = YES;
				CLANG_WARN_OBJC_ROOT_CLASS = YES_ERROR;
				CLANG_WARN_SUSPICIOUS_MOVES = YES;
				CLANG_WARN_UNREACHABLE_CODE = YES;
				CLANG_WARN__DUPLICATE_METHOD_MATCH = YES;
				CODE_SIGN_IDENTITY = "-";
				COPY_PHASE_STRIP = NO;
				DEBUG_INFORMATION_FORMAT = dwarf;
				ENABLE_STRICT_OBJC_MSGSEND = YES;
				ENABLE_TESTABILITY = YES;
				GCC_C_LANGUAGE_STANDARD = gnu99;
				GCC_DYNAMIC_NO_PIC = NO;
				GCC_NO_COMMON_BLOCKS = YES;
				GCC_OPTIMIZATION_LEVEL = 0;
				GCC_PREPROCESSOR_DEFINITIONS = (
					"DEBUG=1",
					"$(inherited)",
				);
				GCC_WARN_64_TO_32_BIT_CONVERSION = YES;
				GCC_WARN_ABOUT_RETURN_TYPE = YES_ERROR;
				GCC_WARN_UNDECLARED_SELECTOR = YES;
				GCC_WARN_UNINITIALIZED_AUTOS = YES_AGGRESSIVE;
				GCC_WARN_UNUSED_FUNCTION = YES;
				GCC_WARN_UNUSED_VARIABLE = YES;
				MACOSX_DEPLOYMENT_TARGET = 10.12;
				MTL_ENABLE_DEBUG_INFO = YES;
				ONLY_ACTIVE_ARCH = YES;
				SDKROOT = macosx;
				SWIFT_ACTIVE_COMPILATION_CONDITIONS = DEBUG;
				SWIFT_OPTIMIZATION_LEVEL = "-Onone";
			};
			name = Debug;
		};
		D28F1A6A1DB335DE00500DFD /* Release */ = {
			isa = XCBuildConfiguration;
			buildSettings = {
				ALWAYS_SEARCH_USER_PATHS = NO;
				CLANG_ANALYZER_NONNULL = YES;
				CLANG_CXX_LANGUAGE_STANDARD = "gnu++0x";
				CLANG_CXX_LIBRARY = "libc++";
				CLANG_ENABLE_MODULES = YES;
				CLANG_ENABLE_OBJC_ARC = YES;
				CLANG_WARN_BOOL_CONVERSION = YES;
				CLANG_WARN_CONSTANT_CONVERSION = YES;
				CLANG_WARN_DIRECT_OBJC_ISA_USAGE = YES_ERROR;
				CLANG_WARN_DOCUMENTATION_COMMENTS = YES;
				CLANG_WARN_EMPTY_BODY = YES;
				CLANG_WARN_ENUM_CONVERSION = YES;
				CLANG_WARN_INFINITE_RECURSION = YES;
				CLANG_WARN_INT_CONVERSION = YES;
				CLANG_WARN_OBJC_ROOT_CLASS = YES_ERROR;
				CLANG_WARN_SUSPICIOUS_MOVES = YES;
				CLANG_WARN_UNREACHABLE_CODE = YES;
				CLANG_WARN__DUPLICATE_METHOD_MATCH = YES;
				CODE_SIGN_IDENTITY = "-";
				COPY_PHASE_STRIP = NO;
				DEBUG_INFORMATION_FORMAT = "dwarf-with-dsym";
				ENABLE_NS_ASSERTIONS = NO;
				ENABLE_STRICT_OBJC_MSGSEND = YES;
				GCC_C_LANGUAGE_STANDARD = gnu99;
				GCC_NO_COMMON_BLOCKS = YES;
				GCC_WARN_64_TO_32_BIT_CONVERSION = YES;
				GCC_WARN_ABOUT_RETURN_TYPE = YES_ERROR;
				GCC_WARN_UNDECLARED_SELECTOR = YES;
				GCC_WARN_UNINITIALIZED_AUTOS = YES_AGGRESSIVE;
				GCC_WARN_UNUSED_FUNCTION = YES;
				GCC_WARN_UNUSED_VARIABLE = YES;
				MACOSX_DEPLOYMENT_TARGET = 10.12;
				MTL_ENABLE_DEBUG_INFO = NO;
				SDKROOT = macosx;
				SWIFT_OPTIMIZATION_LEVEL = "-Owholemodule";
			};
			name = Release;
		};
		D28F1A6C1DB335DE00500DFD /* Debug */ = {
			isa = XCBuildConfiguration;
			buildSettings = {
				ASSETCATALOG_COMPILER_APPICON_NAME = AppIcon;
				COMBINE_HIDPI_IMAGES = YES;
				DEVELOPMENT_TEAM = WG937QNZTU;
				INFOPLIST_FILE = "Map Editor/Info.plist";
				LD_RUNPATH_SEARCH_PATHS = "$(inherited) @executable_path/../Frameworks";
				PRODUCT_BUNDLE_IDENTIFIER = "com.Khoa.Map-Editor";
				PRODUCT_NAME = "$(TARGET_NAME)";
				SWIFT_VERSION = 3.0;
			};
			name = Debug;
		};
		D28F1A6D1DB335DE00500DFD /* Release */ = {
			isa = XCBuildConfiguration;
			buildSettings = {
				ASSETCATALOG_COMPILER_APPICON_NAME = AppIcon;
				COMBINE_HIDPI_IMAGES = YES;
				DEVELOPMENT_TEAM = WG937QNZTU;
				INFOPLIST_FILE = "Map Editor/Info.plist";
				LD_RUNPATH_SEARCH_PATHS = "$(inherited) @executable_path/../Frameworks";
				PRODUCT_BUNDLE_IDENTIFIER = "com.Khoa.Map-Editor";
				PRODUCT_NAME = "$(TARGET_NAME)";
				SWIFT_VERSION = 3.0;
			};
			name = Release;
		};
/* End XCBuildConfiguration section */

/* Begin XCConfigurationList section */
		D28F1A571DB335DD00500DFD /* Build configuration list for PBXProject "Map Editor" */ = {
			isa = XCConfigurationList;
			buildConfigurations = (
				D28F1A691DB335DE00500DFD /* Debug */,
				D28F1A6A1DB335DE00500DFD /* Release */,
			);
			defaultConfigurationIsVisible = 0;
			defaultConfigurationName = Release;
		};
		D28F1A6B1DB335DE00500DFD /* Build configuration list for PBXNativeTarget "Map Editor" */ = {
			isa = XCConfigurationList;
			buildConfigurations = (
				D28F1A6C1DB335DE00500DFD /* Debug */,
				D28F1A6D1DB335DE00500DFD /* Release */,
			);
			defaultConfigurationIsVisible = 0;
		};
/* End XCConfigurationList section */
	};
	rootObject = D28F1A541DB335DD00500DFD /* Project object */;
}
